
Microsoft Visual Studio Solution File, Format Version 12.00
# Visual Studio Version 17
VisualStudioVersion = 17.3.32819.101
MinimumVisualStudioVersion = 10.0.40219.1
Project("{888888A0-9F3D-457C-B088-3A5042F75D52}") = "Harjutus1-10", "Harjutus1-10.pyproj", "{1A9A1965-7BBA-41B2-88DF-FDCC9B82EADD}"
EndProject
Global
	GlobalSection(SolutionConfigurationPlatforms) = preSolution
		Debug|Any CPU = Debug|Any CPU
		Release|Any CPU = Release|Any CPU
	EndGlobalSection
	GlobalSection(ProjectConfigurationPlatforms) = postSolution
		{1A9A1965-7BBA-41B2-88DF-FDCC9B82EADD}.Debug|Any CPU.ActiveCfg = Debug|Any CPU
		{1A9A1965-7BBA-41B2-88DF-FDCC9B82EADD}.Release|Any CPU.ActiveCfg = Release|Any CPU
	EndGlobalSection
	GlobalSection(SolutionProperties) = preSolution
		HideSolutionNode = FALSE
	EndGlobalSection
	GlobalSection(ExtensibilityGlobals) = postSolution
		SolutionGuid = {051A22AF-D6A9-4C97-916D-25DBFB387969}
	EndGlobalSection
EndGlobal
